// !$*UTF8*$!
{
	archiveVersion = 1;
	classes = {
	};
	objectVersion = 55;
	objects = {

/* Begin PBXBuildFile section */
		BFD9574728B0E0CF00AF49C0 /* JunCardApp.swift in Sources */ = {isa = PBXBuildFile; fileRef = BFD9574628B0E0CF00AF49C0 /* JunCardApp.swift */; };
		BFD9574928B0E0CF00AF49C0 /* ContentView.swift in Sources */ = {isa = PBXBuildFile; fileRef = BFD9574828B0E0CF00AF49C0 /* ContentView.swift */; };
		BFD9574B28B0E0D000AF49C0 /* Assets.xcassets in Resources */ = {isa = PBXBuildFile; fileRef = BFD9574A28B0E0D000AF49C0 /* Assets.xcassets */; };
		BFD9574E28B0E0D000AF49C0 /* Preview Assets.xcassets in Resources */ = {isa = PBXBuildFile; fileRef = BFD9574D28B0E0D000AF49C0 /* Preview Assets.xcassets */; };
		BFD9575828B0E0D000AF49C0 /* JunCardTests.swift in Sources */ = {isa = PBXBuildFile; fileRef = BFD9575728B0E0D000AF49C0 /* JunCardTests.swift */; };
		BFD9576228B0E0D000AF49C0 /* JunCardUITests.swift in Sources */ = {isa = PBXBuildFile; fileRef = BFD9576128B0E0D000AF49C0 /* JunCardUITests.swift */; };
		BFD9576428B0E0D000AF49C0 /* JunCardUITestsLaunchTests.swift in Sources */ = {isa = PBXBuildFile; fileRef = BFD9576328B0E0D000AF49C0 /* JunCardUITestsLaunchTests.swift */; };
/* End PBXBuildFile section */

/* Begin PBXContainerItemProxy section */
		BFD9575428B0E0D000AF49C0 /* PBXContainerItemProxy */ = {
			isa = PBXContainerItemProxy;
			containerPortal = BFD9573B28B0E0CF00AF49C0 /* Project object */;
			proxyType = 1;
			remoteGlobalIDString = BFD9574228B0E0CF00AF49C0;
			remoteInfo = JunCard;
		};
		BFD9575E28B0E0D000AF49C0 /* PBXContainerItemProxy */ = {
			isa = PBXContainerItemProxy;
			containerPortal = BFD9573B28B0E0CF00AF49C0 /* Project object */;
			proxyType = 1;
			remoteGlobalIDString = BFD9574228B0E0CF00AF49C0;
			remoteInfo = JunCard;
		};
/* End PBXContainerItemProxy section */

/* Begin PBXFileReference section */
		BFD9574328B0E0CF00AF49C0 /* JunCard.app */ = {isa = PBXFileReference; explicitFileType = wrapper.application; includeInIndex = 0; path = JunCard.app; sourceTree = BUILT_PRODUCTS_DIR; };
		BFD9574628B0E0CF00AF49C0 /* JunCardApp.swift */ = {isa = PBXFileReference; lastKnownFileType = sourcecode.swift; path = JunCardApp.swift; sourceTree = "<group>"; };
		BFD9574828B0E0CF00AF49C0 /* ContentView.swift */ = {isa = PBXFileReference; lastKnownFileType = sourcecode.swift; path = ContentView.swift; sourceTree = "<group>"; };
		BFD9574A28B0E0D000AF49C0 /* Assets.xcassets */ = {isa = PBXFileReference; lastKnownFileType = folder.assetcatalog; path = Assets.xcassets; sourceTree = "<group>"; };
		BFD9574D28B0E0D000AF49C0 /* Preview Assets.xcassets */ = {isa = PBXFileReference; lastKnownFileType = folder.assetcatalog; path = "Preview Assets.xcassets"; sourceTree = "<group>"; };
		BFD9575328B0E0D000AF49C0 /* JunCardTests.xctest */ = {isa = PBXFileReference; explicitFileType = wrapper.cfbundle; includeInIndex = 0; path = JunCardTests.xctest; sourceTree = BUILT_PRODUCTS_DIR; };
		BFD9575728B0E0D000AF49C0 /* JunCardTests.swift */ = {isa = PBXFileReference; lastKnownFileType = sourcecode.swift; path = JunCardTests.swift; sourceTree = "<group>"; };
		BFD9575D28B0E0D000AF49C0 /* JunCardUITests.xctest */ = {isa = PBXFileReference; explicitFileType = wrapper.cfbundle; includeInIndex = 0; path = JunCardUITests.xctest; sourceTree = BUILT_PRODUCTS_DIR; };
		BFD9576128B0E0D000AF49C0 /* JunCardUITests.swift */ = {isa = PBXFileReference; lastKnownFileType = sourcecode.swift; path = JunCardUITests.swift; sourceTree = "<group>"; };
		BFD9576328B0E0D000AF49C0 /* JunCardUITestsLaunchTests.swift */ = {isa = PBXFileReference; lastKnownFileType = sourcecode.swift; path = JunCardUITestsLaunchTests.swift; sourceTree = "<group>"; };
/* End PBXFileReference section */

/* Begin PBXFrameworksBuildPhase section */
		BFD9574028B0E0CF00AF49C0 /* Frameworks */ = {
			isa = PBXFrameworksBuildPhase;
			buildActionMask = 2147483647;
			files = (
			);
			runOnlyForDeploymentPostprocessing = 0;
		};
		BFD9575028B0E0D000AF49C0 /* Frameworks */ = {
			isa = PBXFrameworksBuildPhase;
			buildActionMask = 2147483647;
			files = (
			);
			runOnlyForDeploymentPostprocessing = 0;
		};
		BFD9575A28B0E0D000AF49C0 /* Frameworks */ = {
			isa = PBXFrameworksBuildPhase;
			buildActionMask = 2147483647;
			files = (
			);
			runOnlyForDeploymentPostprocessing = 0;
		};
/* End PBXFrameworksBuildPhase section */

/* Begin PBXGroup section */
		BFD9573A28B0E0CF00AF49C0 = {
			isa = PBXGroup;
			children = (
				BFD9574528B0E0CF00AF49C0 /* JunCard */,
				BFD9575628B0E0D000AF49C0 /* JunCardTests */,
				BFD9576028B0E0D000AF49C0 /* JunCardUITests */,
				BFD9574428B0E0CF00AF49C0 /* Products */,
			);
			sourceTree = "<group>";
		};
		BFD9574428B0E0CF00AF49C0 /* Products */ = {
			isa = PBXGroup;
			children = (
				BFD9574328B0E0CF00AF49C0 /* JunCard.app */,
				BFD9575328B0E0D000AF49C0 /* JunCardTests.xctest */,
				BFD9575D28B0E0D000AF49C0 /* JunCardUITests.xctest */,
			);
			name = Products;
			sourceTree = "<group>";
		};
		BFD9574528B0E0CF00AF49C0 /* JunCard */ = {
			isa = PBXGroup;
			children = (
				BFD9574628B0E0CF00AF49C0 /* JunCardApp.swift */,
				BFD9574828B0E0CF00AF49C0 /* ContentView.swift */,
				BFD9574A28B0E0D000AF49C0 /* Assets.xcassets */,
				BFD9574C28B0E0D000AF49C0 /* Preview Content */,
			);
			path = JunCard;
			sourceTree = "<group>";
		};
		BFD9574C28B0E0D000AF49C0 /* Preview Content */ = {
			isa = PBXGroup;
			children = (
				BFD9574D28B0E0D000AF49C0 /* Preview Assets.xcassets */,
			);
			path = "Preview Content";
			sourceTree = "<group>";
		};
		BFD9575628B0E0D000AF49C0 /* JunCardTests */ = {
			isa = PBXGroup;
			children = (
				BFD9575728B0E0D000AF49C0 /* JunCardTests.swift */,
			);
			path = JunCardTests;
			sourceTree = "<group>";
		};
		BFD9576028B0E0D000AF49C0 /* JunCardUITests */ = {
			isa = PBXGroup;
			children = (
				BFD9576128B0E0D000AF49C0 /* JunCardUITests.swift */,
				BFD9576328B0E0D000AF49C0 /* JunCardUITestsLaunchTests.swift */,
			);
			path = JunCardUITests;
			sourceTree = "<group>";
		};
/* End PBXGroup section */

/* Begin PBXNativeTarget section */
		BFD9574228B0E0CF00AF49C0 /* JunCard */ = {
			isa = PBXNativeTarget;
			buildConfigurationList = BFD9576728B0E0D000AF49C0 /* Build configuration list for PBXNativeTarget "JunCard" */;
			buildPhases = (
				BFD9573F28B0E0CF00AF49C0 /* Sources */,
				BFD9574028B0E0CF00AF49C0 /* Frameworks */,
				BFD9574128B0E0CF00AF49C0 /* Resources */,
			);
			buildRules = (
			);
			dependencies = (
			);
			name = JunCard;
			productName = JunCard;
			productReference = BFD9574328B0E0CF00AF49C0 /* JunCard.app */;
			productType = "com.apple.product-type.application";
		};
		BFD9575228B0E0D000AF49C0 /* JunCardTests */ = {
			isa = PBXNativeTarget;
			buildConfigurationList = BFD9576A28B0E0D000AF49C0 /* Build configuration list for PBXNativeTarget "JunCardTests" */;
			buildPhases = (
				BFD9574F28B0E0D000AF49C0 /* Sources */,
				BFD9575028B0E0D000AF49C0 /* Frameworks */,
				BFD9575128B0E0D000AF49C0 /* Resources */,
			);
			buildRules = (
			);
			dependencies = (
				BFD9575528B0E0D000AF49C0 /* PBXTargetDependency */,
			);
			name = JunCardTests;
			productName = JunCardTests;
			productReference = BFD9575328B0E0D000AF49C0 /* JunCardTests.xctest */;
			productType = "com.apple.product-type.bundle.unit-test";
		};
		BFD9575C28B0E0D000AF49C0 /* JunCardUITests */ = {
			isa = PBXNativeTarget;
			buildConfigurationList = BFD9576D28B0E0D000AF49C0 /* Build configuration list for PBXNativeTarget "JunCardUITests" */;
			buildPhases = (
				BFD9575928B0E0D000AF49C0 /* Sources */,
				BFD9575A28B0E0D000AF49C0 /* Frameworks */,
				BFD9575B28B0E0D000AF49C0 /* Resources */,
			);
			buildRules = (
			);
			dependencies = (
				BFD9575F28B0E0D000AF49C0 /* PBXTargetDependency */,
			);
			name = JunCardUITests;
			productName = JunCardUITests;
			productReference = BFD9575D28B0E0D000AF49C0 /* JunCardUITests.xctest */;
			productType = "com.apple.product-type.bundle.ui-testing";
		};
/* End PBXNativeTarget section */

/* Begin PBXProject section */
		BFD9573B28B0E0CF00AF49C0 /* Project object */ = {
			isa = PBXProject;
			attributes = {
				BuildIndependentTargetsInParallel = 1;
				LastSwiftUpdateCheck = 1340;
				LastUpgradeCheck = 1340;
				TargetAttributes = {
					BFD9574228B0E0CF00AF49C0 = {
						CreatedOnToolsVersion = 13.4.1;
					};
					BFD9575228B0E0D000AF49C0 = {
						CreatedOnToolsVersion = 13.4.1;
						TestTargetID = BFD9574228B0E0CF00AF49C0;
					};
					BFD9575C28B0E0D000AF49C0 = {
						CreatedOnToolsVersion = 13.4.1;
						TestTargetID = BFD9574228B0E0CF00AF49C0;
					};
				};
			};
			buildConfigurationList = BFD9573E28B0E0CF00AF49C0 /* Build configuration list for PBXProject "JunCard" */;
			compatibilityVersion = "Xcode 13.0";
			developmentRegion = en;
			hasScannedForEncodings = 0;
			knownRegions = (
				en,
				Base,
			);
			mainGroup = BFD9573A28B0E0CF00AF49C0;
			productRefGroup = BFD9574428B0E0CF00AF49C0 /* Products */;
			projectDirPath = "";
			projectRoot = "";
			targets = (
				BFD9574228B0E0CF00AF49C0 /* JunCard */,
				BFD9575228B0E0D000AF49C0 /* JunCardTests */,
				BFD9575C28B0E0D000AF49C0 /* JunCardUITests */,
			);
		};
/* End PBXProject section */

/* Begin PBXResourcesBuildPhase section */
		BFD9574128B0E0CF00AF49C0 /* Resources */ = {
			isa = PBXResourcesBuildPhase;
			buildActionMask = 2147483647;
			files = (
				BFD9574E28B0E0D000AF49C0 /* Preview Assets.xcassets in Resources */,
				BFD9574B28B0E0D000AF49C0 /* Assets.xcassets in Resources */,
			);
			runOnlyForDeploymentPostprocessing = 0;
		};
		BFD9575128B0E0D000AF49C0 /* Resources */ = {
			isa = PBXResourcesBuildPhase;
			buildActionMask = 2147483647;
			files = (
			);
			runOnlyForDeploymentPostprocessing = 0;
		};
		BFD9575B28B0E0D000AF49C0 /* Resources */ = {
			isa = PBXResourcesBuildPhase;
			buildActionMask = 2147483647;
			files = (
			);
			runOnlyForDeploymentPostprocessing = 0;
		};
/* End PBXResourcesBuildPhase section */

/* Begin PBXSourcesBuildPhase section */
		BFD9573F28B0E0CF00AF49C0 /* Sources */ = {
			isa = PBXSourcesBuildPhase;
			buildActionMask = 2147483647;
			files = (
				BFD9574928B0E0CF00AF49C0 /* ContentView.swift in Sources */,
				BFD9574728B0E0CF00AF49C0 /* JunCardApp.swift in Sources */,
			);
			runOnlyForDeploymentPostprocessing = 0;
		};
		BFD9574F28B0E0D000AF49C0 /* Sources */ = {
			isa = PBXSourcesBuildPhase;
			buildActionMask = 2147483647;
			files = (
				BFD9575828B0E0D000AF49C0 /* JunCardTests.swift in Sources */,
			);
			runOnlyForDeploymentPostprocessing = 0;
		};
		BFD9575928B0E0D000AF49C0 /* Sources */ = {
			isa = PBXSourcesBuildPhase;
			buildActionMask = 2147483647;
			files = (
				BFD9576428B0E0D000AF49C0 /* JunCardUITestsLaunchTests.swift in Sources */,
				BFD9576228B0E0D000AF49C0 /* JunCardUITests.swift in Sources */,
			);
			runOnlyForDeploymentPostprocessing = 0;
		};
/* End PBXSourcesBuildPhase section */

/* Begin PBXTargetDependency section */
		BFD9575528B0E0D000AF49C0 /* PBXTargetDependency */ = {
			isa = PBXTargetDependency;
			target = BFD9574228B0E0CF00AF49C0 /* JunCard */;
			targetProxy = BFD9575428B0E0D000AF49C0 /* PBXContainerItemProxy */;
		};
		BFD9575F28B0E0D000AF49C0 /* PBXTargetDependency */ = {
			isa = PBXTargetDependency;
			target = BFD9574228B0E0CF00AF49C0 /* JunCard */;
			targetProxy = BFD9575E28B0E0D000AF49C0 /* PBXContainerItemProxy */;
		};
/* End PBXTargetDependency section */

/* Begin XCBuildConfiguration section */
		BFD9576528B0E0D000AF49C0 /* Debug */ = {
			isa = XCBuildConfiguration;
			buildSettings = {
				ALWAYS_SEARCH_USER_PATHS = NO;
				CLANG_ANALYZER_NONNULL = YES;
				CLANG_ANALYZER_NUMBER_OBJECT_CONVERSION = YES_AGGRESSIVE;
				CLANG_CXX_LANGUAGE_STANDARD = "gnu++17";
				CLANG_ENABLE_MODULES = YES;
				CLANG_ENABLE_OBJC_ARC = YES;
				CLANG_ENABLE_OBJC_WEAK = YES;
				CLANG_WARN_BLOCK_CAPTURE_AUTORELEASING = YES;
				CLANG_WARN_BOOL_CONVERSION = YES;
				CLANG_WARN_COMMA = YES;
				CLANG_WARN_CONSTANT_CONVERSION = YES;
				CLANG_WARN_DEPRECATED_OBJC_IMPLEMENTATIONS = YES;
				CLANG_WARN_DIRECT_OBJC_ISA_USAGE = YES_ERROR;
				CLANG_WARN_DOCUMENTATION_COMMENTS = YES;
				CLANG_WARN_EMPTY_BODY = YES;
				CLANG_WARN_ENUM_CONVERSION = YES;
				CLANG_WARN_INFINITE_RECURSION = YES;
				CLANG_WARN_INT_CONVERSION = YES;
				CLANG_WARN_NON_LITERAL_NULL_CONVERSION = YES;
				CLANG_WARN_OBJC_IMPLICIT_RETAIN_SELF = YES;
				CLANG_WARN_OBJC_LITERAL_CONVERSION = YES;
				CLANG_WARN_OBJC_ROOT_CLASS = YES_ERROR;
				CLANG_WARN_QUOTED_INCLUDE_IN_FRAMEWORK_HEADER = YES;
				CLANG_WARN_RANGE_LOOP_ANALYSIS = YES;
				CLANG_WARN_STRICT_PROTOTYPES = YES;
				CLANG_WARN_SUSPICIOUS_MOVE = YES;
				CLANG_WARN_UNGUARDED_AVAILABILITY = YES_AGGRESSIVE;
				CLANG_WARN_UNREACHABLE_CODE = YES;
				CLANG_WARN__DUPLICATE_METHOD_MATCH = YES;
				COPY_PHASE_STRIP = NO;
				DEBUG_INFORMATION_FORMAT = dwarf;
				ENABLE_STRICT_OBJC_MSGSEND = YES;
				ENABLE_TESTABILITY = YES;
				GCC_C_LANGUAGE_STANDARD = gnu11;
				GCC_DYNAMIC_NO_PIC = NO;
				GCC_NO_COMMON_BLOCKS = YES;
				GCC_OPTIMIZATION_LEVEL = 0;
				GCC_PREPROCESSOR_DEFINITIONS = (
					"DEBUG=1",
					"$(inherited)",
				);
				GCC_WARN_64_TO_32_BIT_CONVERSION = YES;
				GCC_WARN_ABOUT_RETURN_TYPE = YES_ERROR;
				GCC_WARN_UNDECLARED_SELECTOR = YES;
				GCC_WARN_UNINITIALIZED_AUTOS = YES_AGGRESSIVE;
				GCC_WARN_UNUSED_FUNCTION = YES;
				GCC_WARN_UNUSED_VARIABLE = YES;
				IPHONEOS_DEPLOYMENT_TARGET = 15.5;
				MTL_ENABLE_DEBUG_INFO = INCLUDE_SOURCE;
				MTL_FAST_MATH = YES;
				ONLY_ACTIVE_ARCH = YES;
				SDKROOT = iphoneos;
				SWIFT_ACTIVE_COMPILATION_CONDITIONS = DEBUG;
				SWIFT_OPTIMIZATION_LEVEL = "-Onone";
			};
			name = Debug;
		};
		BFD9576628B0E0D000AF49C0 /* Release */ = {
			isa = XCBuildConfiguration;
			buildSettings = {
				ALWAYS_SEARCH_USER_PATHS = NO;
				CLANG_ANALYZER_NONNULL = YES;
				CLANG_ANALYZER_NUMBER_OBJECT_CONVERSION = YES_AGGRESSIVE;
				CLANG_CXX_LANGUAGE_STANDARD = "gnu++17";
				CLANG_ENABLE_MODULES = YES;
				CLANG_ENABLE_OBJC_ARC = YES;
				CLANG_ENABLE_OBJC_WEAK = YES;
				CLANG_WARN_BLOCK_CAPTURE_AUTORELEASING = YES;
				CLANG_WARN_BOOL_CONVERSION = YES;
				CLANG_WARN_COMMA = YES;
				CLANG_WARN_CONSTANT_CONVERSION = YES;
				CLANG_WARN_DEPRECATED_OBJC_IMPLEMENTATIONS = YES;
				CLANG_WARN_DIRECT_OBJC_ISA_USAGE = YES_ERROR;
				CLANG_WARN_DOCUMENTATION_COMMENTS = YES;
				CLANG_WARN_EMPTY_BODY = YES;
				CLANG_WARN_ENUM_CONVERSION = YES;
				CLANG_WARN_INFINITE_RECURSION = YES;
				CLANG_WARN_INT_CONVERSION = YES;
				CLANG_WARN_NON_LITERAL_NULL_CONVERSION = YES;
				CLANG_WARN_OBJC_IMPLICIT_RETAIN_SELF = YES;
				CLANG_WARN_OBJC_LITERAL_CONVERSION = YES;
				CLANG_WARN_OBJC_ROOT_CLASS = YES_ERROR;
				CLANG_WARN_QUOTED_INCLUDE_IN_FRAMEWORK_HEADER = YES;
				CLANG_WARN_RANGE_LOOP_ANALYSIS = YES;
				CLANG_WARN_STRICT_PROTOTYPES = YES;
				CLANG_WARN_SUSPICIOUS_MOVE = YES;
				CLANG_WARN_UNGUARDED_AVAILABILITY = YES_AGGRESSIVE;
				CLANG_WARN_UNREACHABLE_CODE = YES;
				CLANG_WARN__DUPLICATE_METHOD_MATCH = YES;
				COPY_PHASE_STRIP = NO;
				DEBUG_INFORMATION_FORMAT = "dwarf-with-dsym";
				ENABLE_NS_ASSERTIONS = NO;
				ENABLE_STRICT_OBJC_MSGSEND = YES;
				GCC_C_LANGUAGE_STANDARD = gnu11;
				GCC_NO_COMMON_BLOCKS = YES;
				GCC_WARN_64_TO_32_BIT_CONVERSION = YES;
				GCC_WARN_ABOUT_RETURN_TYPE = YES_ERROR;
				GCC_WARN_UNDECLARED_SELECTOR = YES;
				GCC_WARN_UNINITIALIZED_AUTOS = YES_AGGRESSIVE;
				GCC_WARN_UNUSED_FUNCTION = YES;
				GCC_WARN_UNUSED_VARIABLE = YES;
				IPHONEOS_DEPLOYMENT_TARGET = 15.5;
				MTL_ENABLE_DEBUG_INFO = NO;
				MTL_FAST_MATH = YES;
				SDKROOT = iphoneos;
				SWIFT_COMPILATION_MODE = wholemodule;
				SWIFT_OPTIMIZATION_LEVEL = "-O";
				VALIDATE_PRODUCT = YES;
			};
			name = Release;
		};
		BFD9576828B0E0D000AF49C0 /* Debug */ = {
			isa = XCBuildConfiguration;
			buildSettings = {
				ASSETCATALOG_COMPILER_APPICON_NAME = AppIcon;
				ASSETCATALOG_COMPILER_GLOBAL_ACCENT_COLOR_NAME = AccentColor;
				CODE_SIGN_STYLE = Automatic;
				CURRENT_PROJECT_VERSION = 1;
				DEVELOPMENT_ASSET_PATHS = "\"JunCard/Preview Content\"";
				ENABLE_PREVIEWS = YES;
				GENERATE_INFOPLIST_FILE = YES;
				INFOPLIST_KEY_UIApplicationSceneManifest_Generation = YES;
				INFOPLIST_KEY_UIApplicationSupportsIndirectInputEvents = YES;
				INFOPLIST_KEY_UILaunchScreen_Generation = YES;
				INFOPLIST_KEY_UISupportedInterfaceOrientations_iPad = "UIInterfaceOrientationPortrait UIInterfaceOrientationPortraitUpsideDown UIInterfaceOrientationLandscapeLeft UIInterfaceOrientationLandscapeRight";
				INFOPLIST_KEY_UISupportedInterfaceOrientations_iPhone = "UIInterfaceOrientationPortrait UIInterfaceOrientationLandscapeLeft UIInterfaceOrientationLandscapeRight";
				LD_RUNPATH_SEARCH_PATHS = (
					"$(inherited)",
					"@executable_path/Frameworks",
				);
				MARKETING_VERSION = 1.0;
				PRODUCT_BUNDLE_IDENTIFIER = au.edu.uts.JunCard;
				PRODUCT_NAME = "$(TARGET_NAME)";
				SWIFT_EMIT_LOC_STRINGS = YES;
				SWIFT_VERSION = 5.0;
				TARGETED_DEVICE_FAMILY = "1,2";
			};
			name = Debug;
		};
		BFD9576928B0E0D000AF49C0 /* Release */ = {
			isa = XCBuildConfiguration;
			buildSettings = {
				ASSETCATALOG_COMPILER_APPICON_NAME = AppIcon;
				ASSETCATALOG_COMPILER_GLOBAL_ACCENT_COLOR_NAME = AccentColor;
				CODE_SIGN_STYLE = Automatic;
				CURRENT_PROJECT_VERSION = 1;
				DEVELOPMENT_ASSET_PATHS = "\"JunCard/Preview Content\"";
				ENABLE_PREVIEWS = YES;
				GENERATE_INFOPLIST_FILE = YES;
				INFOPLIST_KEY_UIApplicationSceneManifest_Generation = YES;
				INFOPLIST_KEY_UIApplicationSupportsIndirectInputEvents = YES;
				INFOPLIST_KEY_UILaunchScreen_Generation = YES;
				INFOPLIST_KEY_UISupportedInterfaceOrientations_iPad = "UIInterfaceOrientationPortrait UIInterfaceOrientationPortraitUpsideDown UIInterfaceOrientationLandscapeLeft UIInterfaceOrientationLandscapeRight";
				INFOPLIST_KEY_UISupportedInterfaceOrientations_iPhone = "UIInterfaceOrientationPortrait UIInterfaceOrientationLandscapeLeft UIInterfaceOrientationLandscapeRight";
				LD_RUNPATH_SEARCH_PATHS = (
					"$(inherited)",
					"@executable_path/Frameworks",
				);
				MARKETING_VERSION = 1.0;
				PRODUCT_BUNDLE_IDENTIFIER = au.edu.uts.JunCard;
				PRODUCT_NAME = "$(TARGET_NAME)";
				SWIFT_EMIT_LOC_STRINGS = YES;
				SWIFT_VERSION = 5.0;
				TARGETED_DEVICE_FAMILY = "1,2";
			};
			name = Release;
		};
		BFD9576B28B0E0D000AF49C0 /* Debug */ = {
			isa = XCBuildConfiguration;
			buildSettings = {
				ALWAYS_EMBED_SWIFT_STANDARD_LIBRARIES = YES;
				BUNDLE_LOADER = "$(TEST_HOST)";
				CODE_SIGN_STYLE = Automatic;
				CURRENT_PROJECT_VERSION = 1;
				GENERATE_INFOPLIST_FILE = YES;
				IPHONEOS_DEPLOYMENT_TARGET = 15.5;
				MARKETING_VERSION = 1.0;
				PRODUCT_BUNDLE_IDENTIFIER = au.edu.uts.JunCardTests;
				PRODUCT_NAME = "$(TARGET_NAME)";
				SWIFT_EMIT_LOC_STRINGS = NO;
				SWIFT_VERSION = 5.0;
				TARGETED_DEVICE_FAMILY = "1,2";
				TEST_HOST = "$(BUILT_PRODUCTS_DIR)/JunCard.app/JunCard";
			};
			name = Debug;
		};
		BFD9576C28B0E0D000AF49C0 /* Release */ = {
			isa = XCBuildConfiguration;
			buildSettings = {
				ALWAYS_EMBED_SWIFT_STANDARD_LIBRARIES = YES;
				BUNDLE_LOADER = "$(TEST_HOST)";
				CODE_SIGN_STYLE = Automatic;
				CURRENT_PROJECT_VERSION = 1;
				GENERATE_INFOPLIST_FILE = YES;
				IPHONEOS_DEPLOYMENT_TARGET = 15.5;
				MARKETING_VERSION = 1.0;
				PRODUCT_BUNDLE_IDENTIFIER = au.edu.uts.JunCardTests;
				PRODUCT_NAME = "$(TARGET_NAME)";
				SWIFT_EMIT_LOC_STRINGS = NO;
				SWIFT_VERSION = 5.0;
				TARGETED_DEVICE_FAMILY = "1,2";
				TEST_HOST = "$(BUILT_PRODUCTS_DIR)/JunCard.app/JunCard";
			};
			name = Release;
		};
		BFD9576E28B0E0D000AF49C0 /* Debug */ = {
			isa = XCBuildConfiguration;
			buildSettings = {
				ALWAYS_EMBED_SWIFT_STANDARD_LIBRARIES = YES;
				CODE_SIGN_STYLE = Automatic;
				CURRENT_PROJECT_VERSION = 1;
				GENERATE_INFOPLIST_FILE = YES;
				MARKETING_VERSION = 1.0;
				PRODUCT_BUNDLE_IDENTIFIER = au.edu.uts.JunCardUITests;
				PRODUCT_NAME = "$(TARGET_NAME)";
				SWIFT_EMIT_LOC_STRINGS = NO;
				SWIFT_VERSION = 5.0;
				TARGETED_DEVICE_FAMILY = "1,2";
				TEST_TARGET_NAME = JunCard;
			};
			name = Debug;
		};
		BFD9576F28B0E0D000AF49C0 /* Release */ = {
			isa = XCBuildConfiguration;
			buildSettings = {
				ALWAYS_EMBED_SWIFT_STANDARD_LIBRARIES = YES;
				CODE_SIGN_STYLE = Automatic;
				CURRENT_PROJECT_VERSION = 1;
				GENERATE_INFOPLIST_FILE = YES;
				MARKETING_VERSION = 1.0;
				PRODUCT_BUNDLE_IDENTIFIER = au.edu.uts.JunCardUITests;
				PRODUCT_NAME = "$(TARGET_NAME)";
				SWIFT_EMIT_LOC_STRINGS = NO;
				SWIFT_VERSION = 5.0;
				TARGETED_DEVICE_FAMILY = "1,2";
				TEST_TARGET_NAME = JunCard;
			};
			name = Release;
		};
/* End XCBuildConfiguration section */

/* Begin XCConfigurationList section */
		BFD9573E28B0E0CF00AF49C0 /* Build configuration list for PBXProject "JunCard" */ = {
			isa = XCConfigurationList;
			buildConfigurations = (
				BFD9576528B0E0D000AF49C0 /* Debug */,
				BFD9576628B0E0D000AF49C0 /* Release */,
			);
			defaultConfigurationIsVisible = 0;
			defaultConfigurationName = Release;
		};
		BFD9576728B0E0D000AF49C0 /* Build configuration list for PBXNativeTarget "JunCard" */ = {
			isa = XCConfigurationList;
			buildConfigurations = (
				BFD9576828B0E0D000AF49C0 /* Debug */,
				BFD9576928B0E0D000AF49C0 /* Release */,
			);
			defaultConfigurationIsVisible = 0;
			defaultConfigurationName = Release;
		};
		BFD9576A28B0E0D000AF49C0 /* Build configuration list for PBXNativeTarget "JunCardTests" */ = {
			isa = XCConfigurationList;
			buildConfigurations = (
				BFD9576B28B0E0D000AF49C0 /* Debug */,
				BFD9576C28B0E0D000AF49C0 /* Release */,
			);
			defaultConfigurationIsVisible = 0;
			defaultConfigurationName = Release;
		};
		BFD9576D28B0E0D000AF49C0 /* Build configuration list for PBXNativeTarget "JunCardUITests" */ = {
			isa = XCConfigurationList;
			buildConfigurations = (
				BFD9576E28B0E0D000AF49C0 /* Debug */,
				BFD9576F28B0E0D000AF49C0 /* Release */,
			);
			defaultConfigurationIsVisible = 0;
			defaultConfigurationName = Release;
		};
/* End XCConfigurationList section */
	};
	rootObject = BFD9573B28B0E0CF00AF49C0 /* Project object */;
}
